
Microsoft Visual Studio Solution File, Format Version 12.00
# SQL Server Management Studio Version 22
VisualStudioVersion = 18.3.11505.172 d18.3
MinimumVisualStudioVersion = 10.0.40219.1
Project("{FAE04EC0-301F-11D3-BF4B-00C04F79EFBC}") = "StudentGearHub", "StudentGearHub.csproj", "{B319CB7A-6AD5-4151-9BED-6986C3E4CF36}"
EndProject
Global
	GlobalSection(SolutionConfigurationPlatforms) = preSolution
		Debug|Any CPU = Debug|Any CPU
		Default|Any CPU = Default|Any CPU
		Release|Any CPU = Release|Any CPU
	EndGlobalSection
	GlobalSection(ProjectConfigurationPlatforms) = postSolution
		{B319CB7A-6AD5-4151-9BED-6986C3E4CF36}.Debug|Any CPU.ActiveCfg = Debug|Any CPU
		{B319CB7A-6AD5-4151-9BED-6986C3E4CF36}.Debug|Any CPU.Build.0 = Debug|Any CPU
		{B319CB7A-6AD5-4151-9BED-6986C3E4CF36}.Default|Any CPU.ActiveCfg = Release|Any CPU
		{B319CB7A-6AD5-4151-9BED-6986C3E4CF36}.Release|Any CPU.ActiveCfg = Release|Any CPU
		{B319CB7A-6AD5-4151-9BED-6986C3E4CF36}.Release|Any CPU.Build.0 = Release|Any CPU
		{D500693A-6BD1-4869-B71C-5C5BA1AF9C30}.Debug|Any CPU.ActiveCfg = Default
		{D500693A-6BD1-4869-B71C-5C5BA1AF9C30}.Default|Any CPU.ActiveCfg = Default
		{D500693A-6BD1-4869-B71C-5C5BA1AF9C30}.Release|Any CPU.ActiveCfg = Default
	EndGlobalSection
	GlobalSection(SolutionProperties) = preSolution
		HideSolutionNode = FALSE
	EndGlobalSection
	GlobalSection(ExtensibilityGlobals) = postSolution
		SolutionGuid = {151FECF8-11CE-46F3-84DA-DFD5F691D834}
	EndGlobalSection
EndGlobal
